
Microsoft Visual Studio Solution File, Format Version 12.00
# Visual Studio Version 17
VisualStudioVersion = 17.5.33424.131
MinimumVisualStudioVersion = 10.0.40219.1
Project("{8BC9CEB8-8B4A-11D0-8D11-00A0C91BC942}") = "test1", "test1.vcxproj", "{E6D16941-77D7-423B-9BB9-B1247929FBDF}"
EndProject
Global
	GlobalSection(SolutionConfigurationPlatforms) = preSolution
		Debug|x64 = Debug|x64
		Debug|x86 = Debug|x86
		Release|x64 = Release|x64
		Release|x86 = Release|x86
	EndGlobalSection
	GlobalSection(ProjectConfigurationPlatforms) = postSolution
		{E6D16941-77D7-423B-9BB9-B1247929FBDF}.Debug|x64.ActiveCfg = Debug|x64
		{E6D16941-77D7-423B-9BB9-B1247929FBDF}.Debug|x64.Build.0 = Debug|x64
		{E6D16941-77D7-423B-9BB9-B1247929FBDF}.Debug|x86.ActiveCfg = Debug|Win32
		{E6D16941-77D7-423B-9BB9-B1247929FBDF}.Debug|x86.Build.0 = Debug|Win32
		{E6D16941-77D7-423B-9BB9-B1247929FBDF}.Release|x64.ActiveCfg = Release|x64
		{E6D16941-77D7-423B-9BB9-B1247929FBDF}.Release|x64.Build.0 = Release|x64
		{E6D16941-77D7-423B-9BB9-B1247929FBDF}.Release|x86.ActiveCfg = Release|Win32
		{E6D16941-77D7-423B-9BB9-B1247929FBDF}.Release|x86.Build.0 = Release|Win32
	EndGlobalSection
	GlobalSection(SolutionProperties) = preSolution
		HideSolutionNode = FALSE
	EndGlobalSection
	GlobalSection(ExtensibilityGlobals) = postSolution
		SolutionGuid = {B108E45B-D28A-4425-A51B-2262C6368EED}
	EndGlobalSection
EndGlobal
