
Microsoft Visual Studio Solution File, Format Version 12.00
# Visual Studio Version 17
VisualStudioVersion = 17.5.33424.131
MinimumVisualStudioVersion = 10.0.40219.1
Project("{8BC9CEB8-8B4A-11D0-8D11-00A0C91BC942}") = "Test_1_oop", "Test_1_oop.vcxproj", "{55A988E1-9459-4E6F-BC0A-B8BEC86A7CE7}"
EndProject
Global
	GlobalSection(SolutionConfigurationPlatforms) = preSolution
		Debug|x64 = Debug|x64
		Debug|x86 = Debug|x86
		Release|x64 = Release|x64
		Release|x86 = Release|x86
	EndGlobalSection
	GlobalSection(ProjectConfigurationPlatforms) = postSolution
		{55A988E1-9459-4E6F-BC0A-B8BEC86A7CE7}.Debug|x64.ActiveCfg = Debug|x64
		{55A988E1-9459-4E6F-BC0A-B8BEC86A7CE7}.Debug|x64.Build.0 = Debug|x64
		{55A988E1-9459-4E6F-BC0A-B8BEC86A7CE7}.Debug|x86.ActiveCfg = Debug|Win32
		{55A988E1-9459-4E6F-BC0A-B8BEC86A7CE7}.Debug|x86.Build.0 = Debug|Win32
		{55A988E1-9459-4E6F-BC0A-B8BEC86A7CE7}.Release|x64.ActiveCfg = Release|x64
		{55A988E1-9459-4E6F-BC0A-B8BEC86A7CE7}.Release|x64.Build.0 = Release|x64
		{55A988E1-9459-4E6F-BC0A-B8BEC86A7CE7}.Release|x86.ActiveCfg = Release|Win32
		{55A988E1-9459-4E6F-BC0A-B8BEC86A7CE7}.Release|x86.Build.0 = Release|Win32
	EndGlobalSection
	GlobalSection(SolutionProperties) = preSolution
		HideSolutionNode = FALSE
	EndGlobalSection
	GlobalSection(ExtensibilityGlobals) = postSolution
		SolutionGuid = {0FF35B00-F19F-46EC-84F7-57ED8611285F}
	EndGlobalSection
EndGlobal
